
Microsoft Visual Studio Solution File, Format Version 12.00
# Visual Studio 2013
VisualStudioVersion = 12.0.30110.0
MinimumVisualStudioVersion = 10.0.40219.1
Project("{FAE04EC0-301F-11D3-BF4B-00C04F79EFBC}") = "Codealike.WP8", "Codealike.WP8\Codealike.WP8.csproj", "{C9E5AB25-BE86-4876-99E3-689A040EF1C0}"
EndProject
Project("{FAE04EC0-301F-11D3-BF4B-00C04F79EFBC}") = "Codealike.PortableLogic", "Codealike.PortableLogic\Codealike.PortableLogic.csproj", "{807B8E84-E9FB-468E-821E-F1AF8B568EBE}"
EndProject
Project("{FAE04EC0-301F-11D3-BF4B-00C04F79EFBC}") = "Codealike.Tests", "Codealike.Tests\Codealike.Tests.csproj", "{CDFFB997-ECCC-41C5-A80E-5AA6497A3221}"
EndProject
Global
	GlobalSection(SolutionConfigurationPlatforms) = preSolution
		Debug|Any CPU = Debug|Any CPU
		Debug|ARM = Debug|ARM
		Debug|x86 = Debug|x86
		Release|Any CPU = Release|Any CPU
		Release|ARM = Release|ARM
		Release|x86 = Release|x86
	EndGlobalSection
	GlobalSection(ProjectConfigurationPlatforms) = postSolution
		{C9E5AB25-BE86-4876-99E3-689A040EF1C0}.Debug|Any CPU.ActiveCfg = Debug|Any CPU
		{C9E5AB25-BE86-4876-99E3-689A040EF1C0}.Debug|Any CPU.Build.0 = Debug|Any CPU
		{C9E5AB25-BE86-4876-99E3-689A040EF1C0}.Debug|Any CPU.Deploy.0 = Debug|Any CPU
		{C9E5AB25-BE86-4876-99E3-689A040EF1C0}.Debug|ARM.ActiveCfg = Debug|ARM
		{C9E5AB25-BE86-4876-99E3-689A040EF1C0}.Debug|ARM.Build.0 = Debug|ARM
		{C9E5AB25-BE86-4876-99E3-689A040EF1C0}.Debug|ARM.Deploy.0 = Debug|ARM
		{C9E5AB25-BE86-4876-99E3-689A040EF1C0}.Debug|x86.ActiveCfg = Debug|x86
		{C9E5AB25-BE86-4876-99E3-689A040EF1C0}.Debug|x86.Build.0 = Debug|x86
		{C9E5AB25-BE86-4876-99E3-689A040EF1C0}.Debug|x86.Deploy.0 = Debug|x86
		{C9E5AB25-BE86-4876-99E3-689A040EF1C0}.Release|Any CPU.ActiveCfg = Release|Any CPU
		{C9E5AB25-BE86-4876-99E3-689A040EF1C0}.Release|Any CPU.Build.0 = Release|Any CPU
		{C9E5AB25-BE86-4876-99E3-689A040EF1C0}.Release|Any CPU.Deploy.0 = Release|Any CPU
		{C9E5AB25-BE86-4876-99E3-689A040EF1C0}.Release|ARM.ActiveCfg = Release|ARM
		{C9E5AB25-BE86-4876-99E3-689A040EF1C0}.Release|ARM.Build.0 = Release|ARM
		{C9E5AB25-BE86-4876-99E3-689A040EF1C0}.Release|ARM.Deploy.0 = Release|ARM
		{C9E5AB25-BE86-4876-99E3-689A040EF1C0}.Release|x86.ActiveCfg = Release|x86
		{C9E5AB25-BE86-4876-99E3-689A040EF1C0}.Release|x86.Build.0 = Release|x86
		{C9E5AB25-BE86-4876-99E3-689A040EF1C0}.Release|x86.Deploy.0 = Release|x86
		{807B8E84-E9FB-468E-821E-F1AF8B568EBE}.Debug|Any CPU.ActiveCfg = Debug|Any CPU
		{807B8E84-E9FB-468E-821E-F1AF8B568EBE}.Debug|Any CPU.Build.0 = Debug|Any CPU
		{807B8E84-E9FB-468E-821E-F1AF8B568EBE}.Debug|ARM.ActiveCfg = Debug|Any CPU
		{807B8E84-E9FB-468E-821E-F1AF8B568EBE}.Debug|x86.ActiveCfg = Debug|Any CPU
		{807B8E84-E9FB-468E-821E-F1AF8B568EBE}.Release|Any CPU.ActiveCfg = Release|Any CPU
		{807B8E84-E9FB-468E-821E-F1AF8B568EBE}.Release|Any CPU.Build.0 = Release|Any CPU
		{807B8E84-E9FB-468E-821E-F1AF8B568EBE}.Release|ARM.ActiveCfg = Release|Any CPU
		{807B8E84-E9FB-468E-821E-F1AF8B568EBE}.Release|x86.ActiveCfg = Release|Any CPU
		{CDFFB997-ECCC-41C5-A80E-5AA6497A3221}.Debug|Any CPU.ActiveCfg = Debug|Any CPU
		{CDFFB997-ECCC-41C5-A80E-5AA6497A3221}.Debug|Any CPU.Build.0 = Debug|Any CPU
		{CDFFB997-ECCC-41C5-A80E-5AA6497A3221}.Debug|ARM.ActiveCfg = Debug|Any CPU
		{CDFFB997-ECCC-41C5-A80E-5AA6497A3221}.Debug|x86.ActiveCfg = Debug|Any CPU
		{CDFFB997-ECCC-41C5-A80E-5AA6497A3221}.Release|Any CPU.ActiveCfg = Release|Any CPU
		{CDFFB997-ECCC-41C5-A80E-5AA6497A3221}.Release|Any CPU.Build.0 = Release|Any CPU
		{CDFFB997-ECCC-41C5-A80E-5AA6497A3221}.Release|ARM.ActiveCfg = Release|Any CPU
		{CDFFB997-ECCC-41C5-A80E-5AA6497A3221}.Release|x86.ActiveCfg = Release|Any CPU
	EndGlobalSection
	GlobalSection(SolutionProperties) = preSolution
		HideSolutionNode = FALSE
	EndGlobalSection
	GlobalSection(CodealikeProperties) = postSolution
		SolutionGuid = 2ca53387-26d6-4c9d-a553-9aca163371d8
	EndGlobalSection
EndGlobal
